// !$*UTF8*$!
{
	archiveVersion = 1;
	classes = {
	};
	objectVersion = 46;
	objects = {

/* Begin PBXBuildFile section */
		744AFD891F0CD35E005AC034 /* AppDelegate.swift in Sources */ = {isa = PBXBuildFile; fileRef = 744AFD881F0CD35E005AC034 /* AppDelegate.swift */; };
		744AFD8B1F0CD35E005AC034 /* ViewController.swift in Sources */ = {isa = PBXBuildFile; fileRef = 744AFD8A1F0CD35E005AC034 /* ViewController.swift */; };
		744AFD911F0CD35F005AC034 /* Bai3ThiIOS.xcdatamodeld in Sources */ = {isa = PBXBuildFile; fileRef = 744AFD8F1F0CD35F005AC034 /* Bai3ThiIOS.xcdatamodeld */; };
		744AFD931F0CD35F005AC034 /* Assets.xcassets in Resources */ = {isa = PBXBuildFile; fileRef = 744AFD921F0CD35F005AC034 /* Assets.xcassets */; };
		744AFD961F0CD35F005AC034 /* LaunchScreen.storyboard in Resources */ = {isa = PBXBuildFile; fileRef = 744AFD941F0CD35F005AC034 /* LaunchScreen.storyboard */; };
		744AFDA11F0CD35F005AC034 /* Bai3ThiIOSTests.swift in Sources */ = {isa = PBXBuildFile; fileRef = 744AFDA01F0CD35F005AC034 /* Bai3ThiIOSTests.swift */; };
		744AFDAC1F0CD35F005AC034 /* Bai3ThiIOSUITests.swift in Sources */ = {isa = PBXBuildFile; fileRef = 744AFDAB1F0CD35F005AC034 /* Bai3ThiIOSUITests.swift */; };
		744AFDBA1F0CD3B3005AC034 /* Main.storyboard in Resources */ = {isa = PBXBuildFile; fileRef = 744AFDB91F0CD3B3005AC034 /* Main.storyboard */; };
		744AFDBC1F0CD3DE005AC034 /* Model.swift in Sources */ = {isa = PBXBuildFile; fileRef = 744AFDBB1F0CD3DE005AC034 /* Model.swift */; };
		744AFDBE1F0CD404005AC034 /* Datasource.swift in Sources */ = {isa = PBXBuildFile; fileRef = 744AFDBD1F0CD404005AC034 /* Datasource.swift */; };
/* End PBXBuildFile section */

/* Begin PBXContainerItemProxy section */
		744AFD9D1F0CD35F005AC034 /* PBXContainerItemProxy */ = {
			isa = PBXContainerItemProxy;
			containerPortal = 744AFD7D1F0CD35E005AC034 /* Project object */;
			proxyType = 1;
			remoteGlobalIDString = 744AFD841F0CD35E005AC034;
			remoteInfo = Bai3ThiIOS;
		};
		744AFDA81F0CD35F005AC034 /* PBXContainerItemProxy */ = {
			isa = PBXContainerItemProxy;
			containerPortal = 744AFD7D1F0CD35E005AC034 /* Project object */;
			proxyType = 1;
			remoteGlobalIDString = 744AFD841F0CD35E005AC034;
			remoteInfo = Bai3ThiIOS;
		};
/* End PBXContainerItemProxy section */

/* Begin PBXFileReference section */
		744AFD851F0CD35E005AC034 /* Bai3ThiIOS.app */ = {isa = PBXFileReference; explicitFileType = wrapper.application; includeInIndex = 0; path = Bai3ThiIOS.app; sourceTree = BUILT_PRODUCTS_DIR; };
		744AFD881F0CD35E005AC034 /* AppDelegate.swift */ = {isa = PBXFileReference; lastKnownFileType = sourcecode.swift; path = AppDelegate.swift; sourceTree = "<group>"; };
		744AFD8A1F0CD35E005AC034 /* ViewController.swift */ = {isa = PBXFileReference; lastKnownFileType = sourcecode.swift; path = ViewController.swift; sourceTree = "<group>"; };
		744AFD901F0CD35F005AC034 /* Bai3ThiIOS.xcdatamodel */ = {isa = PBXFileReference; lastKnownFileType = wrapper.xcdatamodel; path = Bai3ThiIOS.xcdatamodel; sourceTree = "<group>"; };
		744AFD921F0CD35F005AC034 /* Assets.xcassets */ = {isa = PBXFileReference; lastKnownFileType = folder.assetcatalog; path = Assets.xcassets; sourceTree = "<group>"; };
		744AFD951F0CD35F005AC034 /* Base */ = {isa = PBXFileReference; lastKnownFileType = file.storyboard; name = Base; path = Base.lproj/LaunchScreen.storyboard; sourceTree = "<group>"; };
		744AFD971F0CD35F005AC034 /* Info.plist */ = {isa = PBXFileReference; lastKnownFileType = text.plist.xml; path = Info.plist; sourceTree = "<group>"; };
		744AFD9C1F0CD35F005AC034 /* Bai3ThiIOSTests.xctest */ = {isa = PBXFileReference; explicitFileType = wrapper.cfbundle; includeInIndex = 0; path = Bai3ThiIOSTests.xctest; sourceTree = BUILT_PRODUCTS_DIR; };
		744AFDA01F0CD35F005AC034 /* Bai3ThiIOSTests.swift */ = {isa = PBXFileReference; lastKnownFileType = sourcecode.swift; path = Bai3ThiIOSTests.swift; sourceTree = "<group>"; };
		744AFDA21F0CD35F005AC034 /* Info.plist */ = {isa = PBXFileReference; lastKnownFileType = text.plist.xml; path = Info.plist; sourceTree = "<group>"; };
		744AFDA71F0CD35F005AC034 /* Bai3ThiIOSUITests.xctest */ = {isa = PBXFileReference; explicitFileType = wrapper.cfbundle; includeInIndex = 0; path = Bai3ThiIOSUITests.xctest; sourceTree = BUILT_PRODUCTS_DIR; };
		744AFDAB1F0CD35F005AC034 /* Bai3ThiIOSUITests.swift */ = {isa = PBXFileReference; lastKnownFileType = sourcecode.swift; path = Bai3ThiIOSUITests.swift; sourceTree = "<group>"; };
		744AFDAD1F0CD35F005AC034 /* Info.plist */ = {isa = PBXFileReference; lastKnownFileType = text.plist.xml; path = Info.plist; sourceTree = "<group>"; };
		744AFDB91F0CD3B3005AC034 /* Main.storyboard */ = {isa = PBXFileReference; fileEncoding = 4; lastKnownFileType = file.storyboard; path = Main.storyboard; sourceTree = "<group>"; };
		744AFDBB1F0CD3DE005AC034 /* Model.swift */ = {isa = PBXFileReference; fileEncoding = 4; lastKnownFileType = sourcecode.swift; path = Model.swift; sourceTree = "<group>"; };
		744AFDBD1F0CD404005AC034 /* Datasource.swift */ = {isa = PBXFileReference; fileEncoding = 4; lastKnownFileType = sourcecode.swift; path = Datasource.swift; sourceTree = "<group>"; };
/* End PBXFileReference section */

/* Begin PBXFrameworksBuildPhase section */
		744AFD821F0CD35E005AC034 /* Frameworks */ = {
			isa = PBXFrameworksBuildPhase;
			buildActionMask = 2147483647;
			files = (
			);
			runOnlyForDeploymentPostprocessing = 0;
		};
		744AFD991F0CD35F005AC034 /* Frameworks */ = {
			isa = PBXFrameworksBuildPhase;
			buildActionMask = 2147483647;
			files = (
			);
			runOnlyForDeploymentPostprocessing = 0;
		};
		744AFDA41F0CD35F005AC034 /* Frameworks */ = {
			isa = PBXFrameworksBuildPhase;
			buildActionMask = 2147483647;
			files = (
			);
			runOnlyForDeploymentPostprocessing = 0;
		};
/* End PBXFrameworksBuildPhase section */

/* Begin PBXGroup section */
		744AFD7C1F0CD35E005AC034 = {
			isa = PBXGroup;
			children = (
				744AFD871F0CD35E005AC034 /* Bai3ThiIOS */,
				744AFD9F1F0CD35F005AC034 /* Bai3ThiIOSTests */,
				744AFDAA1F0CD35F005AC034 /* Bai3ThiIOSUITests */,
				744AFD861F0CD35E005AC034 /* Products */,
			);
			sourceTree = "<group>";
		};
		744AFD861F0CD35E005AC034 /* Products */ = {
			isa = PBXGroup;
			children = (
				744AFD851F0CD35E005AC034 /* Bai3ThiIOS.app */,
				744AFD9C1F0CD35F005AC034 /* Bai3ThiIOSTests.xctest */,
				744AFDA71F0CD35F005AC034 /* Bai3ThiIOSUITests.xctest */,
			);
			name = Products;
			sourceTree = "<group>";
		};
		744AFD871F0CD35E005AC034 /* Bai3ThiIOS */ = {
			isa = PBXGroup;
			children = (
				744AFD881F0CD35E005AC034 /* AppDelegate.swift */,
				744AFD8A1F0CD35E005AC034 /* ViewController.swift */,
				744AFDB91F0CD3B3005AC034 /* Main.storyboard */,
				744AFD921F0CD35F005AC034 /* Assets.xcassets */,
				744AFD941F0CD35F005AC034 /* LaunchScreen.storyboard */,
				744AFD971F0CD35F005AC034 /* Info.plist */,
				744AFD8F1F0CD35F005AC034 /* Bai3ThiIOS.xcdatamodeld */,
				744AFDBB1F0CD3DE005AC034 /* Model.swift */,
				744AFDBD1F0CD404005AC034 /* Datasource.swift */,
			);
			path = Bai3ThiIOS;
			sourceTree = "<group>";
		};
		744AFD9F1F0CD35F005AC034 /* Bai3ThiIOSTests */ = {
			isa = PBXGroup;
			children = (
				744AFDA01F0CD35F005AC034 /* Bai3ThiIOSTests.swift */,
				744AFDA21F0CD35F005AC034 /* Info.plist */,
			);
			path = Bai3ThiIOSTests;
			sourceTree = "<group>";
		};
		744AFDAA1F0CD35F005AC034 /* Bai3ThiIOSUITests */ = {
			isa = PBXGroup;
			children = (
				744AFDAB1F0CD35F005AC034 /* Bai3ThiIOSUITests.swift */,
				744AFDAD1F0CD35F005AC034 /* Info.plist */,
			);
			path = Bai3ThiIOSUITests;
			sourceTree = "<group>";
		};
/* End PBXGroup section */

/* Begin PBXNativeTarget section */
		744AFD841F0CD35E005AC034 /* Bai3ThiIOS */ = {
			isa = PBXNativeTarget;
			buildConfigurationList = 744AFDB01F0CD35F005AC034 /* Build configuration list for PBXNativeTarget "Bai3ThiIOS" */;
			buildPhases = (
				744AFD811F0CD35E005AC034 /* Sources */,
				744AFD821F0CD35E005AC034 /* Frameworks */,
				744AFD831F0CD35E005AC034 /* Resources */,
			);
			buildRules = (
			);
			dependencies = (
			);
			name = Bai3ThiIOS;
			productName = Bai3ThiIOS;
			productReference = 744AFD851F0CD35E005AC034 /* Bai3ThiIOS.app */;
			productType = "com.apple.product-type.application";
		};
		744AFD9B1F0CD35F005AC034 /* Bai3ThiIOSTests */ = {
			isa = PBXNativeTarget;
			buildConfigurationList = 744AFDB31F0CD35F005AC034 /* Build configuration list for PBXNativeTarget "Bai3ThiIOSTests" */;
			buildPhases = (
				744AFD981F0CD35F005AC034 /* Sources */,
				744AFD991F0CD35F005AC034 /* Frameworks */,
				744AFD9A1F0CD35F005AC034 /* Resources */,
			);
			buildRules = (
			);
			dependencies = (
				744AFD9E1F0CD35F005AC034 /* PBXTargetDependency */,
			);
			name = Bai3ThiIOSTests;
			productName = Bai3ThiIOSTests;
			productReference = 744AFD9C1F0CD35F005AC034 /* Bai3ThiIOSTests.xctest */;
			productType = "com.apple.product-type.bundle.unit-test";
		};
		744AFDA61F0CD35F005AC034 /* Bai3ThiIOSUITests */ = {
			isa = PBXNativeTarget;
			buildConfigurationList = 744AFDB61F0CD35F005AC034 /* Build configuration list for PBXNativeTarget "Bai3ThiIOSUITests" */;
			buildPhases = (
				744AFDA31F0CD35F005AC034 /* Sources */,
				744AFDA41F0CD35F005AC034 /* Frameworks */,
				744AFDA51F0CD35F005AC034 /* Resources */,
			);
			buildRules = (
			);
			dependencies = (
				744AFDA91F0CD35F005AC034 /* PBXTargetDependency */,
			);
			name = Bai3ThiIOSUITests;
			productName = Bai3ThiIOSUITests;
			productReference = 744AFDA71F0CD35F005AC034 /* Bai3ThiIOSUITests.xctest */;
			productType = "com.apple.product-type.bundle.ui-testing";
		};
/* End PBXNativeTarget section */

/* Begin PBXProject section */
		744AFD7D1F0CD35E005AC034 /* Project object */ = {
			isa = PBXProject;
			attributes = {
				LastSwiftUpdateCheck = 0830;
				LastUpgradeCheck = 0830;
				ORGANIZATIONNAME = Cntt16;
				TargetAttributes = {
					744AFD841F0CD35E005AC034 = {
						CreatedOnToolsVersion = 8.3;
						ProvisioningStyle = Automatic;
					};
					744AFD9B1F0CD35F005AC034 = {
						CreatedOnToolsVersion = 8.3;
						ProvisioningStyle = Automatic;
						TestTargetID = 744AFD841F0CD35E005AC034;
					};
					744AFDA61F0CD35F005AC034 = {
						CreatedOnToolsVersion = 8.3;
						ProvisioningStyle = Automatic;
						TestTargetID = 744AFD841F0CD35E005AC034;
					};
				};
			};
			buildConfigurationList = 744AFD801F0CD35E005AC034 /* Build configuration list for PBXProject "Bai3ThiIOS" */;
			compatibilityVersion = "Xcode 3.2";
			developmentRegion = English;
			hasScannedForEncodings = 0;
			knownRegions = (
				en,
				Base,
			);
			mainGroup = 744AFD7C1F0CD35E005AC034;
			productRefGroup = 744AFD861F0CD35E005AC034 /* Products */;
			projectDirPath = "";
			projectRoot = "";
			targets = (
				744AFD841F0CD35E005AC034 /* Bai3ThiIOS */,
				744AFD9B1F0CD35F005AC034 /* Bai3ThiIOSTests */,
				744AFDA61F0CD35F005AC034 /* Bai3ThiIOSUITests */,
			);
		};
/* End PBXProject section */

/* Begin PBXResourcesBuildPhase section */
		744AFD831F0CD35E005AC034 /* Resources */ = {
			isa = PBXResourcesBuildPhase;
			buildActionMask = 2147483647;
			files = (
				744AFDBA1F0CD3B3005AC034 /* Main.storyboard in Resources */,
				744AFD961F0CD35F005AC034 /* LaunchScreen.storyboard in Resources */,
				744AFD931F0CD35F005AC034 /* Assets.xcassets in Resources */,
			);
			runOnlyForDeploymentPostprocessing = 0;
		};
		744AFD9A1F0CD35F005AC034 /* Resources */ = {
			isa = PBXResourcesBuildPhase;
			buildActionMask = 2147483647;
			files = (
			);
			runOnlyForDeploymentPostprocessing = 0;
		};
		744AFDA51F0CD35F005AC034 /* Resources */ = {
			isa = PBXResourcesBuildPhase;
			buildActionMask = 2147483647;
			files = (
			);
			runOnlyForDeploymentPostprocessing = 0;
		};
/* End PBXResourcesBuildPhase section */

/* Begin PBXSourcesBuildPhase section */
		744AFD811F0CD35E005AC034 /* Sources */ = {
			isa = PBXSourcesBuildPhase;
			buildActionMask = 2147483647;
			files = (
				744AFD8B1F0CD35E005AC034 /* ViewController.swift in Sources */,
				744AFD911F0CD35F005AC034 /* Bai3ThiIOS.xcdatamodeld in Sources */,
				744AFDBE1F0CD404005AC034 /* Datasource.swift in Sources */,
				744AFD891F0CD35E005AC034 /* AppDelegate.swift in Sources */,
				744AFDBC1F0CD3DE005AC034 /* Model.swift in Sources */,
			);
			runOnlyForDeploymentPostprocessing = 0;
		};
		744AFD981F0CD35F005AC034 /* Sources */ = {
			isa = PBXSourcesBuildPhase;
			buildActionMask = 2147483647;
			files = (
				744AFDA11F0CD35F005AC034 /* Bai3ThiIOSTests.swift in Sources */,
			);
			runOnlyForDeploymentPostprocessing = 0;
		};
		744AFDA31F0CD35F005AC034 /* Sources */ = {
			isa = PBXSourcesBuildPhase;
			buildActionMask = 2147483647;
			files = (
				744AFDAC1F0CD35F005AC034 /* Bai3ThiIOSUITests.swift in Sources */,
			);
			runOnlyForDeploymentPostprocessing = 0;
		};
/* End PBXSourcesBuildPhase section */

/* Begin PBXTargetDependency section */
		744AFD9E1F0CD35F005AC034 /* PBXTargetDependency */ = {
			isa = PBXTargetDependency;
			target = 744AFD841F0CD35E005AC034 /* Bai3ThiIOS */;
			targetProxy = 744AFD9D1F0CD35F005AC034 /* PBXContainerItemProxy */;
		};
		744AFDA91F0CD35F005AC034 /* PBXTargetDependency */ = {
			isa = PBXTargetDependency;
			target = 744AFD841F0CD35E005AC034 /* Bai3ThiIOS */;
			targetProxy = 744AFDA81F0CD35F005AC034 /* PBXContainerItemProxy */;
		};
/* End PBXTargetDependency section */

/* Begin PBXVariantGroup section */
		744AFD941F0CD35F005AC034 /* LaunchScreen.storyboard */ = {
			isa = PBXVariantGroup;
			children = (
				744AFD951F0CD35F005AC034 /* Base */,
			);
			name = LaunchScreen.storyboard;
			sourceTree = "<group>";
		};
/* End PBXVariantGroup section */

/* Begin XCBuildConfiguration section */
		744AFDAE1F0CD35F005AC034 /* Debug */ = {
			isa = XCBuildConfiguration;
			buildSettings = {
				ALWAYS_SEARCH_USER_PATHS = NO;
				CLANG_ANALYZER_NONNULL = YES;
				CLANG_ANALYZER_NUMBER_OBJECT_CONVERSION = YES_AGGRESSIVE;
				CLANG_CXX_LANGUAGE_STANDARD = "gnu++0x";
				CLANG_CXX_LIBRARY = "libc++";
				CLANG_ENABLE_MODULES = YES;
				CLANG_ENABLE_OBJC_ARC = YES;
				CLANG_WARN_BOOL_CONVERSION = YES;
				CLANG_WARN_CONSTANT_CONVERSION = YES;
				CLANG_WARN_DIRECT_OBJC_ISA_USAGE = YES_ERROR;
				CLANG_WARN_DOCUMENTATION_COMMENTS = YES;
				CLANG_WARN_EMPTY_BODY = YES;
				CLANG_WARN_ENUM_CONVERSION = YES;
				CLANG_WARN_INFINITE_RECURSION = YES;
				CLANG_WARN_INT_CONVERSION = YES;
				CLANG_WARN_OBJC_ROOT_CLASS = YES_ERROR;
				CLANG_WARN_SUSPICIOUS_MOVE = YES;
				CLANG_WARN_UNREACHABLE_CODE = YES;
				CLANG_WARN__DUPLICATE_METHOD_MATCH = YES;
				"CODE_SIGN_IDENTITY[sdk=iphoneos*]" = "iPhone Developer";
				COPY_PHASE_STRIP = NO;
				DEBUG_INFORMATION_FORMAT = dwarf;
				ENABLE_STRICT_OBJC_MSGSEND = YES;
				ENABLE_TESTABILITY = YES;
				GCC_C_LANGUAGE_STANDARD = gnu99;
				GCC_DYNAMIC_NO_PIC = NO;
				GCC_NO_COMMON_BLOCKS = YES;
				GCC_OPTIMIZATION_LEVEL = 0;
				GCC_PREPROCESSOR_DEFINITIONS = (
					"DEBUG=1",
					"$(inherited)",
				);
				GCC_WARN_64_TO_32_BIT_CONVERSION = YES;
				GCC_WARN_ABOUT_RETURN_TYPE = YES_ERROR;
				GCC_WARN_UNDECLARED_SELECTOR = YES;
				GCC_WARN_UNINITIALIZED_AUTOS = YES_AGGRESSIVE;
				GCC_WARN_UNUSED_FUNCTION = YES;
				GCC_WARN_UNUSED_VARIABLE = YES;
				IPHONEOS_DEPLOYMENT_TARGET = 10.3;
				MTL_ENABLE_DEBUG_INFO = YES;
				ONLY_ACTIVE_ARCH = YES;
				SDKROOT = iphoneos;
				SWIFT_ACTIVE_COMPILATION_CONDITIONS = DEBUG;
				SWIFT_OPTIMIZATION_LEVEL = "-Onone";
				TARGETED_DEVICE_FAMILY = "1,2";
			};
			name = Debug;
		};
		744AFDAF1F0CD35F005AC034 /* Release */ = {
			isa = XCBuildConfiguration;
			buildSettings = {
				ALWAYS_SEARCH_USER_PATHS = NO;
				CLANG_ANALYZER_NONNULL = YES;
				CLANG_ANALYZER_NUMBER_OBJECT_CONVERSION = YES_AGGRESSIVE;
				CLANG_CXX_LANGUAGE_STANDARD = "gnu++0x";
				CLANG_CXX_LIBRARY = "libc++";
				CLANG_ENABLE_MODULES = YES;
				CLANG_ENABLE_OBJC_ARC = YES;
				CLANG_WARN_BOOL_CONVERSION = YES;
				CLANG_WARN_CONSTANT_CONVERSION = YES;
				CLANG_WARN_DIRECT_OBJC_ISA_USAGE = YES_ERROR;
				CLANG_WARN_DOCUMENTATION_COMMENTS = YES;
				CLANG_WARN_EMPTY_BODY = YES;
				CLANG_WARN_ENUM_CONVERSION = YES;
				CLANG_WARN_INFINITE_RECURSION = YES;
				CLANG_WARN_INT_CONVERSION = YES;
				CLANG_WARN_OBJC_ROOT_CLASS = YES_ERROR;
				CLANG_WARN_SUSPICIOUS_MOVE = YES;
				CLANG_WARN_UNREACHABLE_CODE = YES;
				CLANG_WARN__DUPLICATE_METHOD_MATCH = YES;
				"CODE_SIGN_IDENTITY[sdk=iphoneos*]" = "iPhone Developer";
				COPY_PHASE_STRIP = NO;
				DEBUG_INFORMATION_FORMAT = "dwarf-with-dsym";
				ENABLE_NS_ASSERTIONS = NO;
				ENABLE_STRICT_OBJC_MSGSEND = YES;
				GCC_C_LANGUAGE_STANDARD = gnu99;
				GCC_NO_COMMON_BLOCKS = YES;
				GCC_WARN_64_TO_32_BIT_CONVERSION = YES;
				GCC_WARN_ABOUT_RETURN_TYPE = YES_ERROR;
				GCC_WARN_UNDECLARED_SELECTOR = YES;
				GCC_WARN_UNINITIALIZED_AUTOS = YES_AGGRESSIVE;
				GCC_WARN_UNUSED_FUNCTION = YES;
				GCC_WARN_UNUSED_VARIABLE = YES;
				IPHONEOS_DEPLOYMENT_TARGET = 10.3;
				MTL_ENABLE_DEBUG_INFO = NO;
				SDKROOT = iphoneos;
				SWIFT_OPTIMIZATION_LEVEL = "-Owholemodule";
				TARGETED_DEVICE_FAMILY = "1,2";
				VALIDATE_PRODUCT = YES;
			};
			name = Release;
		};
		744AFDB11F0CD35F005AC034 /* Debug */ = {
			isa = XCBuildConfiguration;
			buildSettings = {
				ASSETCATALOG_COMPILER_APPICON_NAME = AppIcon;
				INFOPLIST_FILE = Bai3ThiIOS/Info.plist;
				LD_RUNPATH_SEARCH_PATHS = "$(inherited) @executable_path/Frameworks";
				PRODUCT_BUNDLE_IDENTIFIER = fit.hcmute.Bai3ThiIOS;
				PRODUCT_NAME = "$(TARGET_NAME)";
				SWIFT_VERSION = 3.0;
			};
			name = Debug;
		};
		744AFDB21F0CD35F005AC034 /* Release */ = {
			isa = XCBuildConfiguration;
			buildSettings = {
				ASSETCATALOG_COMPILER_APPICON_NAME = AppIcon;
				INFOPLIST_FILE = Bai3ThiIOS/Info.plist;
				LD_RUNPATH_SEARCH_PATHS = "$(inherited) @executable_path/Frameworks";
				PRODUCT_BUNDLE_IDENTIFIER = fit.hcmute.Bai3ThiIOS;
				PRODUCT_NAME = "$(TARGET_NAME)";
				SWIFT_VERSION = 3.0;
			};
			name = Release;
		};
		744AFDB41F0CD35F005AC034 /* Debug */ = {
			isa = XCBuildConfiguration;
			buildSettings = {
				ALWAYS_EMBED_SWIFT_STANDARD_LIBRARIES = YES;
				BUNDLE_LOADER = "$(TEST_HOST)";
				INFOPLIST_FILE = Bai3ThiIOSTests/Info.plist;
				LD_RUNPATH_SEARCH_PATHS = "$(inherited) @executable_path/Frameworks @loader_path/Frameworks";
				PRODUCT_BUNDLE_IDENTIFIER = fit.hcmute.Bai3ThiIOSTests;
				PRODUCT_NAME = "$(TARGET_NAME)";
				SWIFT_VERSION = 3.0;
				TEST_HOST = "$(BUILT_PRODUCTS_DIR)/Bai3ThiIOS.app/Bai3ThiIOS";
			};
			name = Debug;
		};
		744AFDB51F0CD35F005AC034 /* Release */ = {
			isa = XCBuildConfiguration;
			buildSettings = {
				ALWAYS_EMBED_SWIFT_STANDARD_LIBRARIES = YES;
				BUNDLE_LOADER = "$(TEST_HOST)";
				INFOPLIST_FILE = Bai3ThiIOSTests/Info.plist;
				LD_RUNPATH_SEARCH_PATHS = "$(inherited) @executable_path/Frameworks @loader_path/Frameworks";
				PRODUCT_BUNDLE_IDENTIFIER = fit.hcmute.Bai3ThiIOSTests;
				PRODUCT_NAME = "$(TARGET_NAME)";
				SWIFT_VERSION = 3.0;
				TEST_HOST = "$(BUILT_PRODUCTS_DIR)/Bai3ThiIOS.app/Bai3ThiIOS";
			};
			name = Release;
		};
		744AFDB71F0CD35F005AC034 /* Debug */ = {
			isa = XCBuildConfiguration;
			buildSettings = {
				ALWAYS_EMBED_SWIFT_STANDARD_LIBRARIES = YES;
				INFOPLIST_FILE = Bai3ThiIOSUITests/Info.plist;
				LD_RUNPATH_SEARCH_PATHS = "$(inherited) @executable_path/Frameworks @loader_path/Frameworks";
				PRODUCT_BUNDLE_IDENTIFIER = fit.hcmute.Bai3ThiIOSUITests;
				PRODUCT_NAME = "$(TARGET_NAME)";
				SWIFT_VERSION = 3.0;
				TEST_TARGET_NAME = Bai3ThiIOS;
			};
			name = Debug;
		};
		744AFDB81F0CD35F005AC034 /* Release */ = {
			isa = XCBuildConfiguration;
			buildSettings = {
				ALWAYS_EMBED_SWIFT_STANDARD_LIBRARIES = YES;
				INFOPLIST_FILE = Bai3ThiIOSUITests/Info.plist;
				LD_RUNPATH_SEARCH_PATHS = "$(inherited) @executable_path/Frameworks @loader_path/Frameworks";
				PRODUCT_BUNDLE_IDENTIFIER = fit.hcmute.Bai3ThiIOSUITests;
				PRODUCT_NAME = "$(TARGET_NAME)";
				SWIFT_VERSION = 3.0;
				TEST_TARGET_NAME = Bai3ThiIOS;
			};
			name = Release;
		};
/* End XCBuildConfiguration section */

/* Begin XCConfigurationList section */
		744AFD801F0CD35E005AC034 /* Build configuration list for PBXProject "Bai3ThiIOS" */ = {
			isa = XCConfigurationList;
			buildConfigurations = (
				744AFDAE1F0CD35F005AC034 /* Debug */,
				744AFDAF1F0CD35F005AC034 /* Release */,
			);
			defaultConfigurationIsVisible = 0;
			defaultConfigurationName = Release;
		};
		744AFDB01F0CD35F005AC034 /* Build configuration list for PBXNativeTarget "Bai3ThiIOS" */ = {
			isa = XCConfigurationList;
			buildConfigurations = (
				744AFDB11F0CD35F005AC034 /* Debug */,
				744AFDB21F0CD35F005AC034 /* Release */,
			);
			defaultConfigurationIsVisible = 0;
		};
		744AFDB31F0CD35F005AC034 /* Build configuration list for PBXNativeTarget "Bai3ThiIOSTests" */ = {
			isa = XCConfigurationList;
			buildConfigurations = (
				744AFDB41F0CD35F005AC034 /* Debug */,
				744AFDB51F0CD35F005AC034 /* Release */,
			);
			defaultConfigurationIsVisible = 0;
		};
		744AFDB61F0CD35F005AC034 /* Build configuration list for PBXNativeTarget "Bai3ThiIOSUITests" */ = {
			isa = XCConfigurationList;
			buildConfigurations = (
				744AFDB71F0CD35F005AC034 /* Debug */,
				744AFDB81F0CD35F005AC034 /* Release */,
			);
			defaultConfigurationIsVisible = 0;
		};
/* End XCConfigurationList section */

/* Begin XCVersionGroup section */
		744AFD8F1F0CD35F005AC034 /* Bai3ThiIOS.xcdatamodeld */ = {
			isa = XCVersionGroup;
			children = (
				744AFD901F0CD35F005AC034 /* Bai3ThiIOS.xcdatamodel */,
			);
			currentVersion = 744AFD901F0CD35F005AC034 /* Bai3ThiIOS.xcdatamodel */;
			path = Bai3ThiIOS.xcdatamodeld;
			sourceTree = "<group>";
			versionGroupType = wrapper.xcdatamodel;
		};
/* End XCVersionGroup section */
	};
	rootObject = 744AFD7D1F0CD35E005AC034 /* Project object */;
}
